
Microsoft Visual Studio Solution File, Format Version 12.00
# Visual Studio Version 17
VisualStudioVersion = 17.0.31903.59
MinimumVisualStudioVersion = 10.0.40219.1
Project("{FAE04EC0-301F-11D3-BF4B-00C04F79EFBC}") = "Million.Properties.Api", "Million.Properties.Api\Million.Properties.Api.csproj", "{3C4250F8-3B7E-42F9-A83B-8869E55A0857}"
EndProject
Project("{FAE04EC0-301F-11D3-BF4B-00C04F79EFBC}") = "Million.Properties.Api.Tests", "Million.Properties.Api.Tests\Million.Properties.Api.Tests.csproj", "{A004A59B-7C4D-4E7E-96DE-64CE621BC524}"
EndProject
Global
	GlobalSection(SolutionConfigurationPlatforms) = preSolution
		Debug|Any CPU = Debug|Any CPU
		Release|Any CPU = Release|Any CPU
	EndGlobalSection
	GlobalSection(SolutionProperties) = preSolution
		HideSolutionNode = FALSE
	EndGlobalSection
	GlobalSection(ProjectConfigurationPlatforms) = postSolution
		{3C4250F8-3B7E-42F9-A83B-8869E55A0857}.Debug|Any CPU.ActiveCfg = Debug|Any CPU
		{3C4250F8-3B7E-42F9-A83B-8869E55A0857}.Debug|Any CPU.Build.0 = Debug|Any CPU
		{3C4250F8-3B7E-42F9-A83B-8869E55A0857}.Release|Any CPU.ActiveCfg = Release|Any CPU
		{3C4250F8-3B7E-42F9-A83B-8869E55A0857}.Release|Any CPU.Build.0 = Release|Any CPU
		{A004A59B-7C4D-4E7E-96DE-64CE621BC524}.Debug|Any CPU.ActiveCfg = Debug|Any CPU
		{A004A59B-7C4D-4E7E-96DE-64CE621BC524}.Debug|Any CPU.Build.0 = Debug|Any CPU
		{A004A59B-7C4D-4E7E-96DE-64CE621BC524}.Release|Any CPU.ActiveCfg = Release|Any CPU
		{A004A59B-7C4D-4E7E-96DE-64CE621BC524}.Release|Any CPU.Build.0 = Release|Any CPU
	EndGlobalSection
EndGlobal
